// !$*UTF8*$!
{
	archiveVersion = 1;
	classes = {
	};
	objectVersion = 46;
	objects = {

/* Begin PBXBuildFile section */
		851097261C387B830065C0BE /* AppDelegate.swift in Sources */ = {isa = PBXBuildFile; fileRef = 851097251C387B830065C0BE /* AppDelegate.swift */; };
		851097281C387B830065C0BE /* MasterViewController.swift in Sources */ = {isa = PBXBuildFile; fileRef = 851097271C387B830065C0BE /* MasterViewController.swift */; };
		8510972A1C387B830065C0BE /* DetailViewController.swift in Sources */ = {isa = PBXBuildFile; fileRef = 851097291C387B830065C0BE /* DetailViewController.swift */; };
		8510972D1C387B830065C0BE /* Main.storyboard in Resources */ = {isa = PBXBuildFile; fileRef = 8510972B1C387B830065C0BE /* Main.storyboard */; };
		8510972F1C387B830065C0BE /* Assets.xcassets in Resources */ = {isa = PBXBuildFile; fileRef = 8510972E1C387B830065C0BE /* Assets.xcassets */; };
		851097321C387B830065C0BE /* LaunchScreen.storyboard in Resources */ = {isa = PBXBuildFile; fileRef = 851097301C387B830065C0BE /* LaunchScreen.storyboard */; };
/* End PBXBuildFile section */

/* Begin PBXFileReference section */
		851097221C387B830065C0BE /* Project5New.app */ = {isa = PBXFileReference; explicitFileType = wrapper.application; includeInIndex = 0; path = Project5New.app; sourceTree = BUILT_PRODUCTS_DIR; };
		851097251C387B830065C0BE /* AppDelegate.swift */ = {isa = PBXFileReference; lastKnownFileType = sourcecode.swift; path = AppDelegate.swift; sourceTree = "<group>"; };
		851097271C387B830065C0BE /* MasterViewController.swift */ = {isa = PBXFileReference; lastKnownFileType = sourcecode.swift; path = MasterViewController.swift; sourceTree = "<group>"; };
		851097291C387B830065C0BE /* DetailViewController.swift */ = {isa = PBXFileReference; lastKnownFileType = sourcecode.swift; path = DetailViewController.swift; sourceTree = "<group>"; };
		8510972C1C387B830065C0BE /* Base */ = {isa = PBXFileReference; lastKnownFileType = file.storyboard; name = Base; path = Base.lproj/Main.storyboard; sourceTree = "<group>"; };
		8510972E1C387B830065C0BE /* Assets.xcassets */ = {isa = PBXFileReference; lastKnownFileType = folder.assetcatalog; path = Assets.xcassets; sourceTree = "<group>"; };
		851097311C387B830065C0BE /* Base */ = {isa = PBXFileReference; lastKnownFileType = file.storyboard; name = Base; path = Base.lproj/LaunchScreen.storyboard; sourceTree = "<group>"; };
		851097331C387B830065C0BE /* Info.plist */ = {isa = PBXFileReference; lastKnownFileType = text.plist.xml; path = Info.plist; sourceTree = "<group>"; };
/* End PBXFileReference section */

/* Begin PBXFrameworksBuildPhase section */
		8510971F1C387B830065C0BE /* Frameworks */ = {
			isa = PBXFrameworksBuildPhase;
			buildActionMask = 2147483647;
			files = (
			);
			runOnlyForDeploymentPostprocessing = 0;
		};
/* End PBXFrameworksBuildPhase section */

/* Begin PBXGroup section */
		851097191C387B830065C0BE = {
			isa = PBXGroup;
			children = (
				851097241C387B830065C0BE /* Project5New */,
				851097231C387B830065C0BE /* Products */,
			);
			sourceTree = "<group>";
		};
		851097231C387B830065C0BE /* Products */ = {
			isa = PBXGroup;
			children = (
				851097221C387B830065C0BE /* Project5New.app */,
			);
			name = Products;
			sourceTree = "<group>";
		};
		851097241C387B830065C0BE /* Project5New */ = {
			isa = PBXGroup;
			children = (
				851097251C387B830065C0BE /* AppDelegate.swift */,
				851097271C387B830065C0BE /* MasterViewController.swift */,
				851097291C387B830065C0BE /* DetailViewController.swift */,
				8510972B1C387B830065C0BE /* Main.storyboard */,
				8510972E1C387B830065C0BE /* Assets.xcassets */,
				851097301C387B830065C0BE /* LaunchScreen.storyboard */,
				851097331C387B830065C0BE /* Info.plist */,
			);
			path = Project5New;
			sourceTree = "<group>";
		};
/* End PBXGroup section */

/* Begin PBXNativeTarget section */
		851097211C387B830065C0BE /* Project5New */ = {
			isa = PBXNativeTarget;
			buildConfigurationList = 851097361C387B830065C0BE /* Build configuration list for PBXNativeTarget "Project5New" */;
			buildPhases = (
				8510971E1C387B830065C0BE /* Sources */,
				8510971F1C387B830065C0BE /* Frameworks */,
				851097201C387B830065C0BE /* Resources */,
			);
			buildRules = (
			);
			dependencies = (
			);
			name = Project5New;
			productName = Project5New;
			productReference = 851097221C387B830065C0BE /* Project5New.app */;
			productType = "com.apple.product-type.application";
		};
/* End PBXNativeTarget section */

/* Begin PBXProject section */
		8510971A1C387B830065C0BE /* Project object */ = {
			isa = PBXProject;
			attributes = {
				LastSwiftUpdateCheck = 0720;
				LastUpgradeCheck = 0720;
				ORGANIZATIONNAME = "Thomas Le";
				TargetAttributes = {
					851097211C387B830065C0BE = {
						CreatedOnToolsVersion = 7.2;
					};
				};
			};
			buildConfigurationList = 8510971D1C387B830065C0BE /* Build configuration list for PBXProject "Project5New" */;
			compatibilityVersion = "Xcode 3.2";
			developmentRegion = English;
			hasScannedForEncodings = 0;
			knownRegions = (
				en,
				Base,
			);
			mainGroup = 851097191C387B830065C0BE;
			productRefGroup = 851097231C387B830065C0BE /* Products */;
			projectDirPath = "";
			projectRoot = "";
			targets = (
				851097211C387B830065C0BE /* Project5New */,
			);
		};
/* End PBXProject section */

/* Begin PBXResourcesBuildPhase section */
		851097201C387B830065C0BE /* Resources */ = {
			isa = PBXResourcesBuildPhase;
			buildActionMask = 2147483647;
			files = (
				851097321C387B830065C0BE /* LaunchScreen.storyboard in Resources */,
				8510972F1C387B830065C0BE /* Assets.xcassets in Resources */,
				8510972D1C387B830065C0BE /* Main.storyboard in Resources */,
			);
			runOnlyForDeploymentPostprocessing = 0;
		};
/* End PBXResourcesBuildPhase section */

/* Begin PBXSourcesBuildPhase section */
		8510971E1C387B830065C0BE /* Sources */ = {
			isa = PBXSourcesBuildPhase;
			buildActionMask = 2147483647;
			files = (
				8510972A1C387B830065C0BE /* DetailViewController.swift in Sources */,
				851097281C387B830065C0BE /* MasterViewController.swift in Sources */,
				851097261C387B830065C0BE /* AppDelegate.swift in Sources */,
			);
			runOnlyForDeploymentPostprocessing = 0;
		};
/* End PBXSourcesBuildPhase section */

/* Begin PBXVariantGroup section */
		8510972B1C387B830065C0BE /* Main.storyboard */ = {
			isa = PBXVariantGroup;
			children = (
				8510972C1C387B830065C0BE /* Base */,
			);
			name = Main.storyboard;
			sourceTree = "<group>";
		};
		851097301C387B830065C0BE /* LaunchScreen.storyboard */ = {
			isa = PBXVariantGroup;
			children = (
				851097311C387B830065C0BE /* Base */,
			);
			name = LaunchScreen.storyboard;
			sourceTree = "<group>";
		};
/* End PBXVariantGroup section */

/* Begin XCBuildConfiguration section */
		851097341C387B830065C0BE /* Debug */ = {
			isa = XCBuildConfiguration;
			buildSettings = {
				ALWAYS_SEARCH_USER_PATHS = NO;
				CLANG_CXX_LANGUAGE_STANDARD = "gnu++0x";
				CLANG_CXX_LIBRARY = "libc++";
				CLANG_ENABLE_MODULES = YES;
				CLANG_ENABLE_OBJC_ARC = YES;
				CLANG_WARN_BOOL_CONVERSION = YES;
				CLANG_WARN_CONSTANT_CONVERSION = YES;
				CLANG_WARN_DIRECT_OBJC_ISA_USAGE = YES_ERROR;
				CLANG_WARN_EMPTY_BODY = YES;
				CLANG_WARN_ENUM_CONVERSION = YES;
				CLANG_WARN_INT_CONVERSION = YES;
				CLANG_WARN_OBJC_ROOT_CLASS = YES_ERROR;
				CLANG_WARN_UNREACHABLE_CODE = YES;
				CLANG_WARN__DUPLICATE_METHOD_MATCH = YES;
				"CODE_SIGN_IDENTITY[sdk=iphoneos*]" = "iPhone Developer";
				COPY_PHASE_STRIP = NO;
				DEBUG_INFORMATION_FORMAT = dwarf;
				ENABLE_STRICT_OBJC_MSGSEND = YES;
				ENABLE_TESTABILITY = YES;
				GCC_C_LANGUAGE_STANDARD = gnu99;
				GCC_DYNAMIC_NO_PIC = NO;
				GCC_NO_COMMON_BLOCKS = YES;
				GCC_OPTIMIZATION_LEVEL = 0;
				GCC_PREPROCESSOR_DEFINITIONS = (
					"DEBUG=1",
					"$(inherited)",
				);
				GCC_WARN_64_TO_32_BIT_CONVERSION = YES;
				GCC_WARN_ABOUT_RETURN_TYPE = YES_ERROR;
				GCC_WARN_UNDECLARED_SELECTOR = YES;
				GCC_WARN_UNINITIALIZED_AUTOS = YES_AGGRESSIVE;
				GCC_WARN_UNUSED_FUNCTION = YES;
				GCC_WARN_UNUSED_VARIABLE = YES;
				IPHONEOS_DEPLOYMENT_TARGET = 9.2;
				MTL_ENABLE_DEBUG_INFO = YES;
				ONLY_ACTIVE_ARCH = YES;
				SDKROOT = iphoneos;
				SWIFT_OPTIMIZATION_LEVEL = "-Onone";
			};
			name = Debug;
		};
		851097351C387B830065C0BE /* Release */ = {
			isa = XCBuildConfiguration;
			buildSettings = {
				ALWAYS_SEARCH_USER_PATHS = NO;
				CLANG_CXX_LANGUAGE_STANDARD = "gnu++0x";
				CLANG_CXX_LIBRARY = "libc++";
				CLANG_ENABLE_MODULES = YES;
				CLANG_ENABLE_OBJC_ARC = YES;
				CLANG_WARN_BOOL_CONVERSION = YES;
				CLANG_WARN_CONSTANT_CONVERSION = YES;
				CLANG_WARN_DIRECT_OBJC_ISA_USAGE = YES_ERROR;
				CLANG_WARN_EMPTY_BODY = YES;
				CLANG_WARN_ENUM_CONVERSION = YES;
				CLANG_WARN_INT_CONVERSION = YES;
				CLANG_WARN_OBJC_ROOT_CLASS = YES_ERROR;
				CLANG_WARN_UNREACHABLE_CODE = YES;
				CLANG_WARN__DUPLICATE_METHOD_MATCH = YES;
				"CODE_SIGN_IDENTITY[sdk=iphoneos*]" = "iPhone Developer";
				COPY_PHASE_STRIP = NO;
				DEBUG_INFORMATION_FORMAT = "dwarf-with-dsym";
				ENABLE_NS_ASSERTIONS = NO;
				ENABLE_STRICT_OBJC_MSGSEND = YES;
				GCC_C_LANGUAGE_STANDARD = gnu99;
				GCC_NO_COMMON_BLOCKS = YES;
				GCC_WARN_64_TO_32_BIT_CONVERSION = YES;
				GCC_WARN_ABOUT_RETURN_TYPE = YES_ERROR;
				GCC_WARN_UNDECLARED_SELECTOR = YES;
				GCC_WARN_UNINITIALIZED_AUTOS = YES_AGGRESSIVE;
				GCC_WARN_UNUSED_FUNCTION = YES;
				GCC_WARN_UNUSED_VARIABLE = YES;
				IPHONEOS_DEPLOYMENT_TARGET = 9.2;
				MTL_ENABLE_DEBUG_INFO = NO;
				SDKROOT = iphoneos;
				VALIDATE_PRODUCT = YES;
			};
			name = Release;
		};
		851097371C387B830065C0BE /* Debug */ = {
			isa = XCBuildConfiguration;
			buildSettings = {
				ASSETCATALOG_COMPILER_APPICON_NAME = AppIcon;
				INFOPLIST_FILE = Project5New/Info.plist;
				LD_RUNPATH_SEARCH_PATHS = "$(inherited) @executable_path/Frameworks";
				PRODUCT_BUNDLE_IDENTIFIER = com.thomastri.Project5New;
				PRODUCT_NAME = "$(TARGET_NAME)";
			};
			name = Debug;
		};
		851097381C387B830065C0BE /* Release */ = {
			isa = XCBuildConfiguration;
			buildSettings = {
				ASSETCATALOG_COMPILER_APPICON_NAME = AppIcon;
				INFOPLIST_FILE = Project5New/Info.plist;
				LD_RUNPATH_SEARCH_PATHS = "$(inherited) @executable_path/Frameworks";
				PRODUCT_BUNDLE_IDENTIFIER = com.thomastri.Project5New;
				PRODUCT_NAME = "$(TARGET_NAME)";
			};
			name = Release;
		};
/* End XCBuildConfiguration section */

/* Begin XCConfigurationList section */
		8510971D1C387B830065C0BE /* Build configuration list for PBXProject "Project5New" */ = {
			isa = XCConfigurationList;
			buildConfigurations = (
				851097341C387B830065C0BE /* Debug */,
				851097351C387B830065C0BE /* Release */,
			);
			defaultConfigurationIsVisible = 0;
			defaultConfigurationName = Release;
		};
		851097361C387B830065C0BE /* Build configuration list for PBXNativeTarget "Project5New" */ = {
			isa = XCConfigurationList;
			buildConfigurations = (
				851097371C387B830065C0BE /* Debug */,
				851097381C387B830065C0BE /* Release */,
			);
			defaultConfigurationIsVisible = 0;
		};
/* End XCConfigurationList section */
	};
	rootObject = 8510971A1C387B830065C0BE /* Project object */;
}
